// !$*UTF8*$!
{
	archiveVersion = 1;
	classes = {
	};
	objectVersion = 52;
	objects = {

/* Begin PBXBuildFile section */
		7961876F2609D8A20027C117 /* UITextField+Secure.swift in Sources */ = {isa = PBXBuildFile; fileRef = 7961876E2609D8A20027C117 /* UITextField+Secure.swift */; };
		796BF80C260F27090019BB82 /* APILayer in Frameworks */ = {isa = PBXBuildFile; productRef = 796BF80B260F27090019BB82 /* APILayer */; };
		796BF811260F355E0019BB82 /* GenericGameViewController.swift in Sources */ = {isa = PBXBuildFile; fileRef = 796BF810260F355E0019BB82 /* GenericGameViewController.swift */; };
		79743ABA260F7484003A031E /* PasswordComplexityView.swift in Sources */ = {isa = PBXBuildFile; fileRef = 79743AB8260F7484003A031E /* PasswordComplexityView.swift */; };
		79743ABB260F7484003A031E /* PasswordComplexityView.xib in Resources */ = {isa = PBXBuildFile; fileRef = 79743AB9260F7484003A031E /* PasswordComplexityView.xib */; };
		79846F7E260951BF00DCA87B /* RegistrationViewController.xib in Resources */ = {isa = PBXBuildFile; fileRef = 79846F78260951BF00DCA87B /* RegistrationViewController.xib */; };
		79846F7F260951BF00DCA87B /* RegistrationViewController.swift in Sources */ = {isa = PBXBuildFile; fileRef = 79846F79260951BF00DCA87B /* RegistrationViewController.swift */; };
		79846F80260951BF00DCA87B /* AuthPresentable.swift in Sources */ = {isa = PBXBuildFile; fileRef = 79846F7A260951BF00DCA87B /* AuthPresentable.swift */; };
		79846F81260951BF00DCA87B /* LoginViewController.xib in Resources */ = {isa = PBXBuildFile; fileRef = 79846F7C260951BF00DCA87B /* LoginViewController.xib */; };
		79846F82260951BF00DCA87B /* LoginViewController.swift in Sources */ = {isa = PBXBuildFile; fileRef = 79846F7D260951BF00DCA87B /* LoginViewController.swift */; };
		79846F89260951D200DCA87B /* LoginButton.swift in Sources */ = {isa = PBXBuildFile; fileRef = 79846F87260951D200DCA87B /* LoginButton.swift */; };
		79846F8A260951D200DCA87B /* LoginTextField.swift in Sources */ = {isa = PBXBuildFile; fileRef = 79846F88260951D200DCA87B /* LoginTextField.swift */; };
		798A99C1260D196B00D7B1AE /* AppDependency.swift in Sources */ = {isa = PBXBuildFile; fileRef = 798A99BF260D196B00D7B1AE /* AppDependency.swift */; };
		798A99C2260D196B00D7B1AE /* Protocols.swift in Sources */ = {isa = PBXBuildFile; fileRef = 798A99C0260D196B00D7B1AE /* Protocols.swift */; };
		79C3D258260489A700ACD5E5 /* AppDelegate.swift in Sources */ = {isa = PBXBuildFile; fileRef = 79C3D257260489A700ACD5E5 /* AppDelegate.swift */; };
		79C3D25A260489A700ACD5E5 /* SceneDelegate.swift in Sources */ = {isa = PBXBuildFile; fileRef = 79C3D259260489A700ACD5E5 /* SceneDelegate.swift */; };
		79C3D261260489B500ACD5E5 /* Assets.xcassets in Resources */ = {isa = PBXBuildFile; fileRef = 79C3D260260489B500ACD5E5 /* Assets.xcassets */; };
		79C3D264260489B500ACD5E5 /* LaunchScreen.storyboard in Resources */ = {isa = PBXBuildFile; fileRef = 79C3D262260489B500ACD5E5 /* LaunchScreen.storyboard */; };
		79C3D26F260489B800ACD5E5 /* VirtualSportsTests.swift in Sources */ = {isa = PBXBuildFile; fileRef = 79C3D26E260489B800ACD5E5 /* VirtualSportsTests.swift */; };
		79C3D27A260489B800ACD5E5 /* VirtualSportsUITests.swift in Sources */ = {isa = PBXBuildFile; fileRef = 79C3D279260489B800ACD5E5 /* VirtualSportsUITests.swift */; };
		79C3D28F26048CE800ACD5E5 /* FirebaseAnalytics in Frameworks */ = {isa = PBXBuildFile; productRef = 79C3D28E26048CE800ACD5E5 /* FirebaseAnalytics */; };
		79C3D29126048CE800ACD5E5 /* FirebaseCrashlytics in Frameworks */ = {isa = PBXBuildFile; productRef = 79C3D29026048CE800ACD5E5 /* FirebaseCrashlytics */; };
		79C3D29626048D7E00ACD5E5 /* GoogleService-Info.plist in Resources */ = {isa = PBXBuildFile; fileRef = 79C3D29526048D7E00ACD5E5 /* GoogleService-Info.plist */; };
		79D0CD7B260B7DC00075F8BD /* Configs.swift in Sources */ = {isa = PBXBuildFile; fileRef = 79D0CD7A260B7DC00075F8BD /* Configs.swift */; };
		79E18DE7260E5F2500250CC9 /* NetworkMonitor.swift in Sources */ = {isa = PBXBuildFile; fileRef = 79E18DE6260E5F2500250CC9 /* NetworkMonitor.swift */; };
		79E18DEE260E5F3A00250CC9 /* OfflineViewController.xib in Resources */ = {isa = PBXBuildFile; fileRef = 79E18DEC260E5F3A00250CC9 /* OfflineViewController.xib */; };
		79E18DEF260E5F3A00250CC9 /* OfflineViewController.swift in Sources */ = {isa = PBXBuildFile; fileRef = 79E18DED260E5F3A00250CC9 /* OfflineViewController.swift */; };
		79E18E07260E643800250CC9 /* AuthLayer in Frameworks */ = {isa = PBXBuildFile; productRef = 79E18E06260E643800250CC9 /* AuthLayer */; };
		79E18E20260F039800250CC9 /* DiceGameViewController.swift in Sources */ = {isa = PBXBuildFile; fileRef = 79E18E1E260F039800250CC9 /* DiceGameViewController.swift */; };
		79E18E21260F039800250CC9 /* DiceGameViewController.xib in Resources */ = {isa = PBXBuildFile; fileRef = 79E18E1F260F039800250CC9 /* DiceGameViewController.xib */; };
		B941F6232607C73A00D831A2 /* ApplicationCoordinator.swift in Sources */ = {isa = PBXBuildFile; fileRef = B941F6222607C73A00D831A2 /* ApplicationCoordinator.swift */; };
		B941F6252607C77700D831A2 /* MainCoordinator.swift in Sources */ = {isa = PBXBuildFile; fileRef = B941F6242607C77700D831A2 /* MainCoordinator.swift */; };
		B941F6272607C7BD00D831A2 /* BaseCoordinator.swift in Sources */ = {isa = PBXBuildFile; fileRef = B941F6262607C7BD00D831A2 /* BaseCoordinator.swift */; };
		B941F62E2607C84500D831A2 /* ViewController+Coordinator.swift in Sources */ = {isa = PBXBuildFile; fileRef = B941F62D2607C84500D831A2 /* ViewController+Coordinator.swift */; };
		B941F6302607C86C00D831A2 /* CoordinatorFactoryProtocol.swift in Sources */ = {isa = PBXBuildFile; fileRef = B941F62F2607C86C00D831A2 /* CoordinatorFactoryProtocol.swift */; };
		B941F6322607C8A500D831A2 /* BaseViewControllerProvider.swift in Sources */ = {isa = PBXBuildFile; fileRef = B941F6312607C8A500D831A2 /* BaseViewControllerProvider.swift */; };
		B941F6342607C8C300D831A2 /* Coordinator.swift in Sources */ = {isa = PBXBuildFile; fileRef = B941F6332607C8C300D831A2 /* Coordinator.swift */; };
		B941F6362607C8E200D831A2 /* CoordinatorFinishOutput.swift in Sources */ = {isa = PBXBuildFile; fileRef = B941F6352607C8E200D831A2 /* CoordinatorFinishOutput.swift */; };
		B941F6382607C90500D831A2 /* Presentable.swift in Sources */ = {isa = PBXBuildFile; fileRef = B941F6372607C90500D831A2 /* Presentable.swift */; };
		B941F63A2607C93C00D831A2 /* Router.swift in Sources */ = {isa = PBXBuildFile; fileRef = B941F6392607C93C00D831A2 /* Router.swift */; };
		B941F64B2607CA1200D831A2 /* BaseGameViewController.xib in Resources */ = {isa = PBXBuildFile; fileRef = B941F6422607CA1200D831A2 /* BaseGameViewController.xib */; };
		B941F64C2607CA1200D831A2 /* BaseGameViewController.swift in Sources */ = {isa = PBXBuildFile; fileRef = B941F6432607CA1200D831A2 /* BaseGameViewController.swift */; };
		B941F64D2607CA1200D831A2 /* MainViewController.xib in Resources */ = {isa = PBXBuildFile; fileRef = B941F6452607CA1200D831A2 /* MainViewController.xib */; };
		B941F64E2607CA1200D831A2 /* MainViewController.swift in Sources */ = {isa = PBXBuildFile; fileRef = B941F6462607CA1200D831A2 /* MainViewController.swift */; };
		B941F6502607E4AD00D831A2 /* KeychainWrapper in Frameworks */ = {isa = PBXBuildFile; productRef = 79C3F18B26076C5F001D2982 /* KeychainWrapper */; };
		B941F65F2607E59D00D831A2 /* TopBar.xib in Resources */ = {isa = PBXBuildFile; fileRef = B941F6522607E59D00D831A2 /* TopBar.xib */; };
		B941F6602607E59D00D831A2 /* UIView + IBDesignable.swift in Sources */ = {isa = PBXBuildFile; fileRef = B941F6532607E59D00D831A2 /* UIView + IBDesignable.swift */; };
		B941F6612607E59D00D831A2 /* TopBar.swift in Sources */ = {isa = PBXBuildFile; fileRef = B941F6542607E59D00D831A2 /* TopBar.swift */; };
		B9BA50E1260A4DD300F4E0A8 /* HeaderCollectionReusableView.xib in Resources */ = {isa = PBXBuildFile; fileRef = B9BA50DF260A4DD300F4E0A8 /* HeaderCollectionReusableView.xib */; };
		B9BA50E2260A4DD300F4E0A8 /* HeaderCollectionReusableView.swift in Sources */ = {isa = PBXBuildFile; fileRef = B9BA50E0260A4DD300F4E0A8 /* HeaderCollectionReusableView.swift */; };
		B9BA50E7260A4E2400F4E0A8 /* CollectionViewExtencion.swift in Sources */ = {isa = PBXBuildFile; fileRef = B9BA50E4260A4E2300F4E0A8 /* CollectionViewExtencion.swift */; };
		B9BA50E8260A4E2400F4E0A8 /* FilterCell.swift in Sources */ = {isa = PBXBuildFile; fileRef = B9BA50E6260A4E2300F4E0A8 /* FilterCell.swift */; };
		B9BA50EC260A4EE600F4E0A8 /* FilterViewController.xib in Resources */ = {isa = PBXBuildFile; fileRef = B9BA50EA260A4EE600F4E0A8 /* FilterViewController.xib */; };
		B9BA50ED260A4EE600F4E0A8 /* FilterViewController.swift in Sources */ = {isa = PBXBuildFile; fileRef = B9BA50EB260A4EE600F4E0A8 /* FilterViewController.swift */; };
		B9E170652608AC850099DA82 /* FilterButtonView.swift in Sources */ = {isa = PBXBuildFile; fileRef = B9E170642608AC850099DA82 /* FilterButtonView.swift */; };
		B9E170672608ACD70099DA82 /* FilterButtonView.xib in Resources */ = {isa = PBXBuildFile; fileRef = B9E170662608ACD70099DA82 /* FilterButtonView.xib */; };
		B9E170692608AD570099DA82 /* UIViewExtension.swift in Sources */ = {isa = PBXBuildFile; fileRef = B9E170682608AD570099DA82 /* UIViewExtension.swift */; };
		B9E1706F2608D3B60099DA82 /* ProviderCollectionViewCell.swift in Sources */ = {isa = PBXBuildFile; fileRef = B9E1706D2608D3B60099DA82 /* ProviderCollectionViewCell.swift */; };
		B9E170702608D3B60099DA82 /* ProviderCollectionViewCell.xib in Resources */ = {isa = PBXBuildFile; fileRef = B9E1706E2608D3B60099DA82 /* ProviderCollectionViewCell.xib */; };
		B9E170732608DADD0099DA82 /* CategoryCollectionViewCell.swift in Sources */ = {isa = PBXBuildFile; fileRef = B9E170712608DADD0099DA82 /* CategoryCollectionViewCell.swift */; };
		B9E170742608DADD0099DA82 /* CategoryCollectionViewCell.xib in Resources */ = {isa = PBXBuildFile; fileRef = B9E170722608DADD0099DA82 /* CategoryCollectionViewCell.xib */; };
		E5000E8F260BDF4500ECCE1F /* ImageLoader in Frameworks */ = {isa = PBXBuildFile; productRef = E5000E8E260BDF4500ECCE1F /* ImageLoader */; };
/* End PBXBuildFile section */

/* Begin PBXContainerItemProxy section */
		79C3D26B260489B800ACD5E5 /* PBXContainerItemProxy */ = {
			isa = PBXContainerItemProxy;
			containerPortal = 79C3D24C260489A700ACD5E5 /* Project object */;
			proxyType = 1;
			remoteGlobalIDString = 79C3D253260489A700ACD5E5;
			remoteInfo = VirtualSports;
		};
		79C3D276260489B800ACD5E5 /* PBXContainerItemProxy */ = {
			isa = PBXContainerItemProxy;
			containerPortal = 79C3D24C260489A700ACD5E5 /* Project object */;
			proxyType = 1;
			remoteGlobalIDString = 79C3D253260489A700ACD5E5;
			remoteInfo = VirtualSports;
		};
/* End PBXContainerItemProxy section */

/* Begin PBXFileReference section */
		7961876E2609D8A20027C117 /* UITextField+Secure.swift */ = {isa = PBXFileReference; fileEncoding = 4; lastKnownFileType = sourcecode.swift; path = "UITextField+Secure.swift"; sourceTree = "<group>"; };
		796BF810260F355E0019BB82 /* GenericGameViewController.swift */ = {isa = PBXFileReference; lastKnownFileType = sourcecode.swift; path = GenericGameViewController.swift; sourceTree = "<group>"; };
		79743AB8260F7484003A031E /* PasswordComplexityView.swift */ = {isa = PBXFileReference; fileEncoding = 4; lastKnownFileType = sourcecode.swift; path = PasswordComplexityView.swift; sourceTree = "<group>"; };
		79743AB9260F7484003A031E /* PasswordComplexityView.xib */ = {isa = PBXFileReference; fileEncoding = 4; lastKnownFileType = file.xib; path = PasswordComplexityView.xib; sourceTree = "<group>"; };
		79846F78260951BF00DCA87B /* RegistrationViewController.xib */ = {isa = PBXFileReference; fileEncoding = 4; lastKnownFileType = file.xib; path = RegistrationViewController.xib; sourceTree = "<group>"; };
		79846F79260951BF00DCA87B /* RegistrationViewController.swift */ = {isa = PBXFileReference; fileEncoding = 4; lastKnownFileType = sourcecode.swift; path = RegistrationViewController.swift; sourceTree = "<group>"; };
		79846F7A260951BF00DCA87B /* AuthPresentable.swift */ = {isa = PBXFileReference; fileEncoding = 4; lastKnownFileType = sourcecode.swift; path = AuthPresentable.swift; sourceTree = "<group>"; };
		79846F7C260951BF00DCA87B /* LoginViewController.xib */ = {isa = PBXFileReference; fileEncoding = 4; lastKnownFileType = file.xib; path = LoginViewController.xib; sourceTree = "<group>"; };
		79846F7D260951BF00DCA87B /* LoginViewController.swift */ = {isa = PBXFileReference; fileEncoding = 4; lastKnownFileType = sourcecode.swift; path = LoginViewController.swift; sourceTree = "<group>"; };
		79846F87260951D200DCA87B /* LoginButton.swift */ = {isa = PBXFileReference; fileEncoding = 4; lastKnownFileType = sourcecode.swift; path = LoginButton.swift; sourceTree = "<group>"; };
		79846F88260951D200DCA87B /* LoginTextField.swift */ = {isa = PBXFileReference; fileEncoding = 4; lastKnownFileType = sourcecode.swift; path = LoginTextField.swift; sourceTree = "<group>"; };
		798A99BF260D196B00D7B1AE /* AppDependency.swift */ = {isa = PBXFileReference; fileEncoding = 4; lastKnownFileType = sourcecode.swift; path = AppDependency.swift; sourceTree = "<group>"; };
		798A99C0260D196B00D7B1AE /* Protocols.swift */ = {isa = PBXFileReference; fileEncoding = 4; lastKnownFileType = sourcecode.swift; path = Protocols.swift; sourceTree = "<group>"; };
		79C3D254260489A700ACD5E5 /* VirtualSports.app */ = {isa = PBXFileReference; explicitFileType = wrapper.application; includeInIndex = 0; path = VirtualSports.app; sourceTree = BUILT_PRODUCTS_DIR; };
		79C3D257260489A700ACD5E5 /* AppDelegate.swift */ = {isa = PBXFileReference; lastKnownFileType = sourcecode.swift; path = AppDelegate.swift; sourceTree = "<group>"; };
		79C3D259260489A700ACD5E5 /* SceneDelegate.swift */ = {isa = PBXFileReference; lastKnownFileType = sourcecode.swift; path = SceneDelegate.swift; sourceTree = "<group>"; };
		79C3D260260489B500ACD5E5 /* Assets.xcassets */ = {isa = PBXFileReference; lastKnownFileType = folder.assetcatalog; path = Assets.xcassets; sourceTree = "<group>"; };
		79C3D263260489B500ACD5E5 /* Base */ = {isa = PBXFileReference; lastKnownFileType = file.storyboard; name = Base; path = Base.lproj/LaunchScreen.storyboard; sourceTree = "<group>"; };
		79C3D265260489B500ACD5E5 /* Info.plist */ = {isa = PBXFileReference; lastKnownFileType = text.plist.xml; path = Info.plist; sourceTree = "<group>"; };
		79C3D26A260489B800ACD5E5 /* VirtualSportsTests.xctest */ = {isa = PBXFileReference; explicitFileType = wrapper.cfbundle; includeInIndex = 0; path = VirtualSportsTests.xctest; sourceTree = BUILT_PRODUCTS_DIR; };
		79C3D26E260489B800ACD5E5 /* VirtualSportsTests.swift */ = {isa = PBXFileReference; lastKnownFileType = sourcecode.swift; path = VirtualSportsTests.swift; sourceTree = "<group>"; };
		79C3D270260489B800ACD5E5 /* Info.plist */ = {isa = PBXFileReference; lastKnownFileType = text.plist.xml; path = Info.plist; sourceTree = "<group>"; };
		79C3D275260489B800ACD5E5 /* VirtualSportsUITests.xctest */ = {isa = PBXFileReference; explicitFileType = wrapper.cfbundle; includeInIndex = 0; path = VirtualSportsUITests.xctest; sourceTree = BUILT_PRODUCTS_DIR; };
		79C3D279260489B800ACD5E5 /* VirtualSportsUITests.swift */ = {isa = PBXFileReference; lastKnownFileType = sourcecode.swift; path = VirtualSportsUITests.swift; sourceTree = "<group>"; };
		79C3D27B260489B800ACD5E5 /* Info.plist */ = {isa = PBXFileReference; lastKnownFileType = text.plist.xml; path = Info.plist; sourceTree = "<group>"; };
		79C3D29526048D7E00ACD5E5 /* GoogleService-Info.plist */ = {isa = PBXFileReference; fileEncoding = 4; lastKnownFileType = text.plist.xml; path = "GoogleService-Info.plist"; sourceTree = "<group>"; };
		79D0CD7A260B7DC00075F8BD /* Configs.swift */ = {isa = PBXFileReference; lastKnownFileType = sourcecode.swift; path = Configs.swift; sourceTree = "<group>"; };
		79E18DE6260E5F2500250CC9 /* NetworkMonitor.swift */ = {isa = PBXFileReference; fileEncoding = 4; lastKnownFileType = sourcecode.swift; path = NetworkMonitor.swift; sourceTree = "<group>"; };
		79E18DEC260E5F3A00250CC9 /* OfflineViewController.xib */ = {isa = PBXFileReference; fileEncoding = 4; lastKnownFileType = file.xib; path = OfflineViewController.xib; sourceTree = "<group>"; };
		79E18DED260E5F3A00250CC9 /* OfflineViewController.swift */ = {isa = PBXFileReference; fileEncoding = 4; lastKnownFileType = sourcecode.swift; path = OfflineViewController.swift; sourceTree = "<group>"; };
		79E18E1E260F039800250CC9 /* DiceGameViewController.swift */ = {isa = PBXFileReference; lastKnownFileType = sourcecode.swift; path = DiceGameViewController.swift; sourceTree = "<group>"; };
		79E18E1F260F039800250CC9 /* DiceGameViewController.xib */ = {isa = PBXFileReference; lastKnownFileType = file.xib; path = DiceGameViewController.xib; sourceTree = "<group>"; };
		B941F6222607C73A00D831A2 /* ApplicationCoordinator.swift */ = {isa = PBXFileReference; lastKnownFileType = sourcecode.swift; path = ApplicationCoordinator.swift; sourceTree = "<group>"; };
		B941F6242607C77700D831A2 /* MainCoordinator.swift */ = {isa = PBXFileReference; lastKnownFileType = sourcecode.swift; path = MainCoordinator.swift; sourceTree = "<group>"; };
		B941F6262607C7BD00D831A2 /* BaseCoordinator.swift */ = {isa = PBXFileReference; lastKnownFileType = sourcecode.swift; path = BaseCoordinator.swift; sourceTree = "<group>"; };
		B941F62D2607C84500D831A2 /* ViewController+Coordinator.swift */ = {isa = PBXFileReference; lastKnownFileType = sourcecode.swift; path = "ViewController+Coordinator.swift"; sourceTree = "<group>"; };
		B941F62F2607C86C00D831A2 /* CoordinatorFactoryProtocol.swift */ = {isa = PBXFileReference; lastKnownFileType = sourcecode.swift; path = CoordinatorFactoryProtocol.swift; sourceTree = "<group>"; };
		B941F6312607C8A500D831A2 /* BaseViewControllerProvider.swift */ = {isa = PBXFileReference; lastKnownFileType = sourcecode.swift; path = BaseViewControllerProvider.swift; sourceTree = "<group>"; };
		B941F6332607C8C300D831A2 /* Coordinator.swift */ = {isa = PBXFileReference; lastKnownFileType = sourcecode.swift; path = Coordinator.swift; sourceTree = "<group>"; };
		B941F6352607C8E200D831A2 /* CoordinatorFinishOutput.swift */ = {isa = PBXFileReference; lastKnownFileType = sourcecode.swift; path = CoordinatorFinishOutput.swift; sourceTree = "<group>"; };
		B941F6372607C90500D831A2 /* Presentable.swift */ = {isa = PBXFileReference; lastKnownFileType = sourcecode.swift; path = Presentable.swift; sourceTree = "<group>"; };
		B941F6392607C93C00D831A2 /* Router.swift */ = {isa = PBXFileReference; lastKnownFileType = sourcecode.swift; path = Router.swift; sourceTree = "<group>"; };
		B941F6422607CA1200D831A2 /* BaseGameViewController.xib */ = {isa = PBXFileReference; fileEncoding = 4; lastKnownFileType = file.xib; path = BaseGameViewController.xib; sourceTree = "<group>"; };
		B941F6432607CA1200D831A2 /* BaseGameViewController.swift */ = {isa = PBXFileReference; fileEncoding = 4; lastKnownFileType = sourcecode.swift; path = BaseGameViewController.swift; sourceTree = "<group>"; };
		B941F6452607CA1200D831A2 /* MainViewController.xib */ = {isa = PBXFileReference; fileEncoding = 4; lastKnownFileType = file.xib; path = MainViewController.xib; sourceTree = "<group>"; };
		B941F6462607CA1200D831A2 /* MainViewController.swift */ = {isa = PBXFileReference; fileEncoding = 4; lastKnownFileType = sourcecode.swift; path = MainViewController.swift; sourceTree = "<group>"; };
		B941F6522607E59D00D831A2 /* TopBar.xib */ = {isa = PBXFileReference; fileEncoding = 4; lastKnownFileType = file.xib; path = TopBar.xib; sourceTree = "<group>"; };
		B941F6532607E59D00D831A2 /* UIView + IBDesignable.swift */ = {isa = PBXFileReference; fileEncoding = 4; lastKnownFileType = sourcecode.swift; path = "UIView + IBDesignable.swift"; sourceTree = "<group>"; };
		B941F6542607E59D00D831A2 /* TopBar.swift */ = {isa = PBXFileReference; fileEncoding = 4; lastKnownFileType = sourcecode.swift; path = TopBar.swift; sourceTree = "<group>"; };
		B9BA50DF260A4DD300F4E0A8 /* HeaderCollectionReusableView.xib */ = {isa = PBXFileReference; fileEncoding = 4; lastKnownFileType = file.xib; path = HeaderCollectionReusableView.xib; sourceTree = "<group>"; };
		B9BA50E0260A4DD300F4E0A8 /* HeaderCollectionReusableView.swift */ = {isa = PBXFileReference; fileEncoding = 4; lastKnownFileType = sourcecode.swift; path = HeaderCollectionReusableView.swift; sourceTree = "<group>"; };
		B9BA50E4260A4E2300F4E0A8 /* CollectionViewExtencion.swift */ = {isa = PBXFileReference; fileEncoding = 4; lastKnownFileType = sourcecode.swift; path = CollectionViewExtencion.swift; sourceTree = "<group>"; };
		B9BA50E6260A4E2300F4E0A8 /* FilterCell.swift */ = {isa = PBXFileReference; fileEncoding = 4; lastKnownFileType = sourcecode.swift; path = FilterCell.swift; sourceTree = "<group>"; };
		B9BA50EA260A4EE600F4E0A8 /* FilterViewController.xib */ = {isa = PBXFileReference; fileEncoding = 4; lastKnownFileType = file.xib; path = FilterViewController.xib; sourceTree = "<group>"; };
		B9BA50EB260A4EE600F4E0A8 /* FilterViewController.swift */ = {isa = PBXFileReference; fileEncoding = 4; lastKnownFileType = sourcecode.swift; path = FilterViewController.swift; sourceTree = "<group>"; };
		B9E170642608AC850099DA82 /* FilterButtonView.swift */ = {isa = PBXFileReference; lastKnownFileType = sourcecode.swift; path = FilterButtonView.swift; sourceTree = "<group>"; };
		B9E170662608ACD70099DA82 /* FilterButtonView.xib */ = {isa = PBXFileReference; lastKnownFileType = file.xib; path = FilterButtonView.xib; sourceTree = "<group>"; };
		B9E170682608AD570099DA82 /* UIViewExtension.swift */ = {isa = PBXFileReference; lastKnownFileType = sourcecode.swift; path = UIViewExtension.swift; sourceTree = "<group>"; };
		B9E1706D2608D3B60099DA82 /* ProviderCollectionViewCell.swift */ = {isa = PBXFileReference; lastKnownFileType = sourcecode.swift; path = ProviderCollectionViewCell.swift; sourceTree = "<group>"; };
		B9E1706E2608D3B60099DA82 /* ProviderCollectionViewCell.xib */ = {isa = PBXFileReference; lastKnownFileType = file.xib; path = ProviderCollectionViewCell.xib; sourceTree = "<group>"; };
		B9E170712608DADD0099DA82 /* CategoryCollectionViewCell.swift */ = {isa = PBXFileReference; lastKnownFileType = sourcecode.swift; path = CategoryCollectionViewCell.swift; sourceTree = "<group>"; };
		B9E170722608DADD0099DA82 /* CategoryCollectionViewCell.xib */ = {isa = PBXFileReference; lastKnownFileType = file.xib; path = CategoryCollectionViewCell.xib; sourceTree = "<group>"; };
/* End PBXFileReference section */

/* Begin PBXFrameworksBuildPhase section */
		79C3D251260489A700ACD5E5 /* Frameworks */ = {
			isa = PBXFrameworksBuildPhase;
			buildActionMask = 2147483647;
			files = (
				B941F6502607E4AD00D831A2 /* KeychainWrapper in Frameworks */,
				796BF80C260F27090019BB82 /* APILayer in Frameworks */,
				79E18E07260E643800250CC9 /* AuthLayer in Frameworks */,
				E5000E8F260BDF4500ECCE1F /* ImageLoader in Frameworks */,
				79C3D28F26048CE800ACD5E5 /* FirebaseAnalytics in Frameworks */,
				79C3D29126048CE800ACD5E5 /* FirebaseCrashlytics in Frameworks */,
			);
			runOnlyForDeploymentPostprocessing = 0;
		};
		79C3D267260489B800ACD5E5 /* Frameworks */ = {
			isa = PBXFrameworksBuildPhase;
			buildActionMask = 2147483647;
			files = (
			);
			runOnlyForDeploymentPostprocessing = 0;
		};
		79C3D272260489B800ACD5E5 /* Frameworks */ = {
			isa = PBXFrameworksBuildPhase;
			buildActionMask = 2147483647;
			files = (
			);
			runOnlyForDeploymentPostprocessing = 0;
		};
/* End PBXFrameworksBuildPhase section */

/* Begin PBXGroup section */
		79043EEB260875DA00119FD9 /* Helper */ = {
			isa = PBXGroup;
			children = (
				79E18DE6260E5F2500250CC9 /* NetworkMonitor.swift */,
				79D0CD79260B7DB50075F8BD /* Constants */,
				79E3B2BB2609BF83006E4081 /* Extensions */,
			);
			path = Helper;
			sourceTree = "<group>";
		};
		79743AB7260F7484003A031E /* PasswordComplexityView */ = {
			isa = PBXGroup;
			children = (
				79743AB8260F7484003A031E /* PasswordComplexityView.swift */,
				79743AB9260F7484003A031E /* PasswordComplexityView.xib */,
			);
			path = PasswordComplexityView;
			sourceTree = "<group>";
		};
		79846F76260951BF00DCA87B /* Auth */ = {
			isa = PBXGroup;
			children = (
				79846F7A260951BF00DCA87B /* AuthPresentable.swift */,
				79846F77260951BF00DCA87B /* RegistrationViewController */,
				79846F7B260951BF00DCA87B /* LoginViewController */,
			);
			path = Auth;
			sourceTree = "<group>";
		};
		79846F77260951BF00DCA87B /* RegistrationViewController */ = {
			isa = PBXGroup;
			children = (
				79743AB7260F7484003A031E /* PasswordComplexityView */,
				79846F78260951BF00DCA87B /* RegistrationViewController.xib */,
				79846F79260951BF00DCA87B /* RegistrationViewController.swift */,
			);
			path = RegistrationViewController;
			sourceTree = "<group>";
		};
		79846F7B260951BF00DCA87B /* LoginViewController */ = {
			isa = PBXGroup;
			children = (
				79846F7C260951BF00DCA87B /* LoginViewController.xib */,
				79846F7D260951BF00DCA87B /* LoginViewController.swift */,
			);
			path = LoginViewController;
			sourceTree = "<group>";
		};
		79846F86260951D200DCA87B /* View */ = {
			isa = PBXGroup;
			children = (
				79846F87260951D200DCA87B /* LoginButton.swift */,
				79846F88260951D200DCA87B /* LoginTextField.swift */,
			);
			path = View;
			sourceTree = "<group>";
		};
		798837FD260F620F000270DC /* Base */ = {
			isa = PBXGroup;
			children = (
				B941F6422607CA1200D831A2 /* BaseGameViewController.xib */,
				B941F6432607CA1200D831A2 /* BaseGameViewController.swift */,
			);
			path = Base;
			sourceTree = "<group>";
		};
		79883807260F6239000270DC /* Dice */ = {
			isa = PBXGroup;
			children = (
				79E18E1E260F039800250CC9 /* DiceGameViewController.swift */,
				79E18E1F260F039800250CC9 /* DiceGameViewController.xib */,
			);
			path = Dice;
			sourceTree = "<group>";
		};
		798A99BE260D196B00D7B1AE /* DI */ = {
			isa = PBXGroup;
			children = (
				798A99BF260D196B00D7B1AE /* AppDependency.swift */,
				798A99C0260D196B00D7B1AE /* Protocols.swift */,
			);
			path = DI;
			sourceTree = "<group>";
		};
		79C3D24B260489A700ACD5E5 = {
			isa = PBXGroup;
			children = (
				79C3D256260489A700ACD5E5 /* VirtualSports */,
				79C3D26D260489B800ACD5E5 /* VirtualSportsTests */,
				79C3D278260489B800ACD5E5 /* VirtualSportsUITests */,
				79C3D255260489A700ACD5E5 /* Products */,
				79D0CD8F260B819D0075F8BD /* Frameworks */,
			);
			sourceTree = "<group>";
		};
		79C3D255260489A700ACD5E5 /* Products */ = {
			isa = PBXGroup;
			children = (
				79C3D254260489A700ACD5E5 /* VirtualSports.app */,
				79C3D26A260489B800ACD5E5 /* VirtualSportsTests.xctest */,
				79C3D275260489B800ACD5E5 /* VirtualSportsUITests.xctest */,
			);
			name = Products;
			sourceTree = "<group>";
		};
		79C3D256260489A700ACD5E5 /* VirtualSports */ = {
			isa = PBXGroup;
			children = (
				B9E170622608AC2E0099DA82 /* ReusableView */,
				79043EEB260875DA00119FD9 /* Helper */,
				B941F6512607E59D00D831A2 /* TopBar */,
				79846F86260951D200DCA87B /* View */,
				B941F61F2607C69400D831A2 /* Controller */,
				798A99BE260D196B00D7B1AE /* DI */,
				B941F61E2607C67200D831A2 /* Coordinator */,
				79C3D257260489A700ACD5E5 /* AppDelegate.swift */,
				79C3D259260489A700ACD5E5 /* SceneDelegate.swift */,
				79C3D260260489B500ACD5E5 /* Assets.xcassets */,
				79C3D262260489B500ACD5E5 /* LaunchScreen.storyboard */,
				79C3D265260489B500ACD5E5 /* Info.plist */,
				79C3D29526048D7E00ACD5E5 /* GoogleService-Info.plist */,
			);
			path = VirtualSports;
			sourceTree = "<group>";
		};
		79C3D26D260489B800ACD5E5 /* VirtualSportsTests */ = {
			isa = PBXGroup;
			children = (
				79C3D26E260489B800ACD5E5 /* VirtualSportsTests.swift */,
				79C3D270260489B800ACD5E5 /* Info.plist */,
			);
			path = VirtualSportsTests;
			sourceTree = "<group>";
		};
		79C3D278260489B800ACD5E5 /* VirtualSportsUITests */ = {
			isa = PBXGroup;
			children = (
				79C3D279260489B800ACD5E5 /* VirtualSportsUITests.swift */,
				79C3D27B260489B800ACD5E5 /* Info.plist */,
			);
			path = VirtualSportsUITests;
			sourceTree = "<group>";
		};
		79D0CD79260B7DB50075F8BD /* Constants */ = {
			isa = PBXGroup;
			children = (
				79D0CD7A260B7DC00075F8BD /* Configs.swift */,
			);
			path = Constants;
			sourceTree = "<group>";
		};
		79D0CD8F260B819D0075F8BD /* Frameworks */ = {
			isa = PBXGroup;
			children = (
			);
			name = Frameworks;
			sourceTree = "<group>";
		};
		79E18DEB260E5F3A00250CC9 /* OfflineViewController */ = {
			isa = PBXGroup;
			children = (
				79E18DEC260E5F3A00250CC9 /* OfflineViewController.xib */,
				79E18DED260E5F3A00250CC9 /* OfflineViewController.swift */,
			);
			path = OfflineViewController;
			sourceTree = "<group>";
		};
		79E3B2BB2609BF83006E4081 /* Extensions */ = {
			isa = PBXGroup;
			children = (
				7961876E2609D8A20027C117 /* UITextField+Secure.swift */,
			);
			path = Extensions;
			sourceTree = "<group>";
		};
		B941F61E2607C67200D831A2 /* Coordinator */ = {
			isa = PBXGroup;
			children = (
				B941F6202607C6DE00D831A2 /* Coordinators */,
				B941F6212607C6E900D831A2 /* BaseCoordinator */,
			);
			path = Coordinator;
			sourceTree = "<group>";
		};
		B941F61F2607C69400D831A2 /* Controller */ = {
			isa = PBXGroup;
			children = (
				79E18DEB260E5F3A00250CC9 /* OfflineViewController */,
				B9BA50E9260A4EE600F4E0A8 /* FilterViewController */,
				79846F76260951BF00DCA87B /* Auth */,
				B941F6412607CA1200D831A2 /* GameViewController */,
				B941F6442607CA1200D831A2 /* MainViewController */,
			);
			path = Controller;
			sourceTree = "<group>";
		};
		B941F6202607C6DE00D831A2 /* Coordinators */ = {
			isa = PBXGroup;
			children = (
				B941F6222607C73A00D831A2 /* ApplicationCoordinator.swift */,
				B941F6242607C77700D831A2 /* MainCoordinator.swift */,
			);
			path = Coordinators;
			sourceTree = "<group>";
		};
		B941F6212607C6E900D831A2 /* BaseCoordinator */ = {
			isa = PBXGroup;
			children = (
				B941F62C2607C82000D831A2 /* Router */,
				B941F62B2607C80E00D831A2 /* Protocols */,
				B941F62A2607C7F900D831A2 /* Factory */,
				B941F6292607C7E900D831A2 /* Extensions */,
				B941F6282607C7D000D831A2 /* Base */,
			);
			path = BaseCoordinator;
			sourceTree = "<group>";
		};
		B941F6282607C7D000D831A2 /* Base */ = {
			isa = PBXGroup;
			children = (
				B941F6262607C7BD00D831A2 /* BaseCoordinator.swift */,
			);
			path = Base;
			sourceTree = "<group>";
		};
		B941F6292607C7E900D831A2 /* Extensions */ = {
			isa = PBXGroup;
			children = (
				B941F62D2607C84500D831A2 /* ViewController+Coordinator.swift */,
			);
			path = Extensions;
			sourceTree = "<group>";
		};
		B941F62A2607C7F900D831A2 /* Factory */ = {
			isa = PBXGroup;
			children = (
				B941F62F2607C86C00D831A2 /* CoordinatorFactoryProtocol.swift */,
			);
			path = Factory;
			sourceTree = "<group>";
		};
		B941F62B2607C80E00D831A2 /* Protocols */ = {
			isa = PBXGroup;
			children = (
				B941F6312607C8A500D831A2 /* BaseViewControllerProvider.swift */,
				B941F6332607C8C300D831A2 /* Coordinator.swift */,
				B941F6352607C8E200D831A2 /* CoordinatorFinishOutput.swift */,
				B941F6372607C90500D831A2 /* Presentable.swift */,
			);
			path = Protocols;
			sourceTree = "<group>";
		};
		B941F62C2607C82000D831A2 /* Router */ = {
			isa = PBXGroup;
			children = (
				B941F6392607C93C00D831A2 /* Router.swift */,
			);
			path = Router;
			sourceTree = "<group>";
		};
		B941F6412607CA1200D831A2 /* GameViewController */ = {
			isa = PBXGroup;
			children = (
				79883807260F6239000270DC /* Dice */,
				798837FD260F620F000270DC /* Base */,
				796BF810260F355E0019BB82 /* GenericGameViewController.swift */,
			);
			path = GameViewController;
			sourceTree = "<group>";
		};
		B941F6442607CA1200D831A2 /* MainViewController */ = {
			isa = PBXGroup;
			children = (
				B941F6452607CA1200D831A2 /* MainViewController.xib */,
				B941F6462607CA1200D831A2 /* MainViewController.swift */,
			);
			path = MainViewController;
			sourceTree = "<group>";
		};
		B941F6512607E59D00D831A2 /* TopBar */ = {
			isa = PBXGroup;
			children = (
				B941F6522607E59D00D831A2 /* TopBar.xib */,
				B941F6532607E59D00D831A2 /* UIView + IBDesignable.swift */,
				B941F6542607E59D00D831A2 /* TopBar.swift */,
			);
			path = TopBar;
			sourceTree = "<group>";
		};
		B9BA50DE260A4DD300F4E0A8 /* CollectionReusableView */ = {
			isa = PBXGroup;
			children = (
				B9BA50DF260A4DD300F4E0A8 /* HeaderCollectionReusableView.xib */,
				B9BA50E0260A4DD300F4E0A8 /* HeaderCollectionReusableView.swift */,
			);
			path = CollectionReusableView;
			sourceTree = "<group>";
		};
		B9BA50E3260A4E2300F4E0A8 /* CollectionView+Extencion */ = {
			isa = PBXGroup;
			children = (
				B9BA50E4260A4E2300F4E0A8 /* CollectionViewExtencion.swift */,
			);
			path = "CollectionView+Extencion";
			sourceTree = "<group>";
		};
		B9BA50E5260A4E2300F4E0A8 /* CellProtocol */ = {
			isa = PBXGroup;
			children = (
				B9BA50E6260A4E2300F4E0A8 /* FilterCell.swift */,
			);
			path = CellProtocol;
			sourceTree = "<group>";
		};
		B9BA50E9260A4EE600F4E0A8 /* FilterViewController */ = {
			isa = PBXGroup;
			children = (
				B9BA50EA260A4EE600F4E0A8 /* FilterViewController.xib */,
				B9BA50EB260A4EE600F4E0A8 /* FilterViewController.swift */,
			);
			path = FilterViewController;
			sourceTree = "<group>";
		};
		B9E170622608AC2E0099DA82 /* ReusableView */ = {
			isa = PBXGroup;
			children = (
				B9BA50DE260A4DD300F4E0A8 /* CollectionReusableView */,
				B9E1706A2608D2890099DA82 /* Cell */,
				B9E170632608AC4B0099DA82 /* FilterButton */,
			);
			path = ReusableView;
			sourceTree = "<group>";
		};
		B9E170632608AC4B0099DA82 /* FilterButton */ = {
			isa = PBXGroup;
			children = (
				B9E170642608AC850099DA82 /* FilterButtonView.swift */,
				B9E170662608ACD70099DA82 /* FilterButtonView.xib */,
				B9E170682608AD570099DA82 /* UIViewExtension.swift */,
			);
			path = FilterButton;
			sourceTree = "<group>";
		};
		B9E1706A2608D2890099DA82 /* Cell */ = {
			isa = PBXGroup;
			children = (
				B9BA50E5260A4E2300F4E0A8 /* CellProtocol */,
				B9BA50E3260A4E2300F4E0A8 /* CollectionView+Extencion */,
				B9E1706C2608D2A90099DA82 /* CategoryCell */,
				B9E1706B2608D2980099DA82 /* ProviderCell */,
			);
			path = Cell;
			sourceTree = "<group>";
		};
		B9E1706B2608D2980099DA82 /* ProviderCell */ = {
			isa = PBXGroup;
			children = (
				B9E1706D2608D3B60099DA82 /* ProviderCollectionViewCell.swift */,
				B9E1706E2608D3B60099DA82 /* ProviderCollectionViewCell.xib */,
			);
			path = ProviderCell;
			sourceTree = "<group>";
		};
		B9E1706C2608D2A90099DA82 /* CategoryCell */ = {
			isa = PBXGroup;
			children = (
				B9E170712608DADD0099DA82 /* CategoryCollectionViewCell.swift */,
				B9E170722608DADD0099DA82 /* CategoryCollectionViewCell.xib */,
			);
			path = CategoryCell;
			sourceTree = "<group>";
		};
/* End PBXGroup section */

/* Begin PBXNativeTarget section */
		79C3D253260489A700ACD5E5 /* VirtualSports */ = {
			isa = PBXNativeTarget;
			buildConfigurationList = 79C3D27E260489B800ACD5E5 /* Build configuration list for PBXNativeTarget "VirtualSports" */;
			buildPhases = (
				79C3D250260489A700ACD5E5 /* Sources */,
				79C3D251260489A700ACD5E5 /* Frameworks */,
				79C3D252260489A700ACD5E5 /* Resources */,
				79C3D29A26048DEB00ACD5E5 /* Crashlytics */,
				799DCC25260498F100ECBF69 /* IBLinter */,
				799DCC262604991F00ECBF69 /* SwiftLint */,
				E5D899F9260656480055F978 /* ShellScript */,
			);
			buildRules = (
			);
			dependencies = (
			);
			name = VirtualSports;
			packageProductDependencies = (
				79C3D28E26048CE800ACD5E5 /* FirebaseAnalytics */,
				79C3D29026048CE800ACD5E5 /* FirebaseCrashlytics */,
				79C3F18B26076C5F001D2982 /* KeychainWrapper */,
				E5000E8E260BDF4500ECCE1F /* ImageLoader */,
				79E18E06260E643800250CC9 /* AuthLayer */,
				796BF80B260F27090019BB82 /* APILayer */,
			);
			productName = VirtualSports;
			productReference = 79C3D254260489A700ACD5E5 /* VirtualSports.app */;
			productType = "com.apple.product-type.application";
		};
		79C3D269260489B800ACD5E5 /* VirtualSportsTests */ = {
			isa = PBXNativeTarget;
			buildConfigurationList = 79C3D281260489B800ACD5E5 /* Build configuration list for PBXNativeTarget "VirtualSportsTests" */;
			buildPhases = (
				79C3D266260489B800ACD5E5 /* Sources */,
				79C3D267260489B800ACD5E5 /* Frameworks */,
				79C3D268260489B800ACD5E5 /* Resources */,
			);
			buildRules = (
			);
			dependencies = (
				79C3D26C260489B800ACD5E5 /* PBXTargetDependency */,
			);
			name = VirtualSportsTests;
			productName = VirtualSportsTests;
			productReference = 79C3D26A260489B800ACD5E5 /* VirtualSportsTests.xctest */;
			productType = "com.apple.product-type.bundle.unit-test";
		};
		79C3D274260489B800ACD5E5 /* VirtualSportsUITests */ = {
			isa = PBXNativeTarget;
			buildConfigurationList = 79C3D284260489B800ACD5E5 /* Build configuration list for PBXNativeTarget "VirtualSportsUITests" */;
			buildPhases = (
				79C3D271260489B800ACD5E5 /* Sources */,
				79C3D272260489B800ACD5E5 /* Frameworks */,
				79C3D273260489B800ACD5E5 /* Resources */,
			);
			buildRules = (
			);
			dependencies = (
				79C3D277260489B800ACD5E5 /* PBXTargetDependency */,
			);
			name = VirtualSportsUITests;
			productName = VirtualSportsUITests;
			productReference = 79C3D275260489B800ACD5E5 /* VirtualSportsUITests.xctest */;
			productType = "com.apple.product-type.bundle.ui-testing";
		};
/* End PBXNativeTarget section */

/* Begin PBXProject section */
		79C3D24C260489A700ACD5E5 /* Project object */ = {
			isa = PBXProject;
			attributes = {
				LastSwiftUpdateCheck = 1240;
				LastUpgradeCheck = 1240;
				TargetAttributes = {
					79C3D253260489A700ACD5E5 = {
						CreatedOnToolsVersion = 12.4;
					};
					79C3D269260489B800ACD5E5 = {
						CreatedOnToolsVersion = 12.4;
						TestTargetID = 79C3D253260489A700ACD5E5;
					};
					79C3D274260489B800ACD5E5 = {
						CreatedOnToolsVersion = 12.4;
						TestTargetID = 79C3D253260489A700ACD5E5;
					};
				};
			};
			buildConfigurationList = 79C3D24F260489A700ACD5E5 /* Build configuration list for PBXProject "VirtualSports" */;
			compatibilityVersion = "Xcode 9.3";
			developmentRegion = en;
			hasScannedForEncodings = 0;
			knownRegions = (
				en,
				Base,
			);
			mainGroup = 79C3D24B260489A700ACD5E5;
			packageReferences = (
				79C3D28D26048CE800ACD5E5 /* XCRemoteSwiftPackageReference "firebase-ios-sdk" */,
				79C3F18A26076C5F001D2982 /* XCRemoteSwiftPackageReference "keychain-wrapper" */,
				E5000E8D260BDF4500ECCE1F /* XCRemoteSwiftPackageReference "ImageLoader" */,
				79E18E05260E643800250CC9 /* XCRemoteSwiftPackageReference "auth-service" */,
				796BF80A260F27090019BB82 /* XCRemoteSwiftPackageReference "virtual-sports-api-service" */,
			);
			productRefGroup = 79C3D255260489A700ACD5E5 /* Products */;
			projectDirPath = "";
			projectRoot = "";
			targets = (
				79C3D253260489A700ACD5E5 /* VirtualSports */,
				79C3D269260489B800ACD5E5 /* VirtualSportsTests */,
				79C3D274260489B800ACD5E5 /* VirtualSportsUITests */,
			);
		};
/* End PBXProject section */

/* Begin PBXResourcesBuildPhase section */
		79C3D252260489A700ACD5E5 /* Resources */ = {
			isa = PBXResourcesBuildPhase;
			buildActionMask = 2147483647;
			files = (
				B9BA50E1260A4DD300F4E0A8 /* HeaderCollectionReusableView.xib in Resources */,
				B941F64B2607CA1200D831A2 /* BaseGameViewController.xib in Resources */,
				B941F65F2607E59D00D831A2 /* TopBar.xib in Resources */,
				79C3D264260489B500ACD5E5 /* LaunchScreen.storyboard in Resources */,
				B9E170742608DADD0099DA82 /* CategoryCollectionViewCell.xib in Resources */,
				B9E170672608ACD70099DA82 /* FilterButtonView.xib in Resources */,
				79C3D29626048D7E00ACD5E5 /* GoogleService-Info.plist in Resources */,
				79743ABB260F7484003A031E /* PasswordComplexityView.xib in Resources */,
				B941F64D2607CA1200D831A2 /* MainViewController.xib in Resources */,
				79E18DEE260E5F3A00250CC9 /* OfflineViewController.xib in Resources */,
				B9E170702608D3B60099DA82 /* ProviderCollectionViewCell.xib in Resources */,
				B9BA50EC260A4EE600F4E0A8 /* FilterViewController.xib in Resources */,
				79E18E21260F039800250CC9 /* DiceGameViewController.xib in Resources */,
				79846F81260951BF00DCA87B /* LoginViewController.xib in Resources */,
				79846F7E260951BF00DCA87B /* RegistrationViewController.xib in Resources */,
				79C3D261260489B500ACD5E5 /* Assets.xcassets in Resources */,
			);
			runOnlyForDeploymentPostprocessing = 0;
		};
		79C3D268260489B800ACD5E5 /* Resources */ = {
			isa = PBXResourcesBuildPhase;
			buildActionMask = 2147483647;
			files = (
			);
			runOnlyForDeploymentPostprocessing = 0;
		};
		79C3D273260489B800ACD5E5 /* Resources */ = {
			isa = PBXResourcesBuildPhase;
			buildActionMask = 2147483647;
			files = (
			);
			runOnlyForDeploymentPostprocessing = 0;
		};
/* End PBXResourcesBuildPhase section */

/* Begin PBXShellScriptBuildPhase section */
		799DCC25260498F100ECBF69 /* IBLinter */ = {
			isa = PBXShellScriptBuildPhase;
			buildActionMask = 2147483647;
			files = (
			);
			inputFileListPaths = (
			);
			inputPaths = (
			);
			name = IBLinter;
			outputFileListPaths = (
			);
			outputPaths = (
			);
			runOnlyForDeploymentPostprocessing = 0;
			shellPath = /bin/sh;
			shellScript = "if which iblinter >/dev/null; then\n  iblinter lint\nelse\n  echo \"warning: IBLinter not installed, download from https://github.com/IBDecodable/IBLinter\"\nfi\n";
		};
		799DCC262604991F00ECBF69 /* SwiftLint */ = {
			isa = PBXShellScriptBuildPhase;
			buildActionMask = 2147483647;
			files = (
			);
			inputFileListPaths = (
			);
			inputPaths = (
			);
			name = SwiftLint;
			outputFileListPaths = (
			);
			outputPaths = (
			);
			runOnlyForDeploymentPostprocessing = 0;
			shellPath = /bin/sh;
			shellScript = "if which swiftlint >/dev/null; then\n  swiftlint\nelse\n  echo \"error: SwiftLint does not exist, download it from https://github.com/realm/SwiftLint\"\n  exit 1\nfi\n";
		};
		79C3D29A26048DEB00ACD5E5 /* Crashlytics */ = {
			isa = PBXShellScriptBuildPhase;
			buildActionMask = 2147483647;
			files = (
			);
			inputFileListPaths = (
			);
			inputPaths = (
			);
			name = Crashlytics;
			outputFileListPaths = (
			);
			outputPaths = (
			);
			runOnlyForDeploymentPostprocessing = 0;
			shellPath = /bin/sh;
			shellScript = "${BUILD_DIR%Build/*}/SourcePackages/checkouts/firebase-ios-sdk/Crashlytics/run\n";
		};
		E5D899F9260656480055F978 /* ShellScript */ = {
			isa = PBXShellScriptBuildPhase;
			buildActionMask = 2147483647;
			files = (
			);
			inputFileListPaths = (
			);
			inputPaths = (
				"$(BUILT_PRODUCTS_DIR)/$(INFOPLIST_PATH)",
			);
			outputFileListPaths = (
			);
			outputPaths = (
			);
			runOnlyForDeploymentPostprocessing = 0;
			shellPath = /bin/sh;
			shellScript = "# Type a script or drag a script file from your workspace to insert its path.\n";
		};
/* End PBXShellScriptBuildPhase section */

/* Begin PBXSourcesBuildPhase section */
		79C3D250260489A700ACD5E5 /* Sources */ = {
			isa = PBXSourcesBuildPhase;
			buildActionMask = 2147483647;
			files = (
				798A99C1260D196B00D7B1AE /* AppDependency.swift in Sources */,
				B9BA50E2260A4DD300F4E0A8 /* HeaderCollectionReusableView.swift in Sources */,
				B9E1706F2608D3B60099DA82 /* ProviderCollectionViewCell.swift in Sources */,
				79D0CD7B260B7DC00075F8BD /* Configs.swift in Sources */,
				B941F6322607C8A500D831A2 /* BaseViewControllerProvider.swift in Sources */,
				B941F6612607E59D00D831A2 /* TopBar.swift in Sources */,
				79846F8A260951D200DCA87B /* LoginTextField.swift in Sources */,
				79743ABA260F7484003A031E /* PasswordComplexityView.swift in Sources */,
				B941F62E2607C84500D831A2 /* ViewController+Coordinator.swift in Sources */,
				B941F6602607E59D00D831A2 /* UIView + IBDesignable.swift in Sources */,
				79846F89260951D200DCA87B /* LoginButton.swift in Sources */,
				B941F6272607C7BD00D831A2 /* BaseCoordinator.swift in Sources */,
				79C3D258260489A700ACD5E5 /* AppDelegate.swift in Sources */,
				B9E170652608AC850099DA82 /* FilterButtonView.swift in Sources */,
				B941F63A2607C93C00D831A2 /* Router.swift in Sources */,
				B941F6252607C77700D831A2 /* MainCoordinator.swift in Sources */,
				798A99C2260D196B00D7B1AE /* Protocols.swift in Sources */,
				B941F64E2607CA1200D831A2 /* MainViewController.swift in Sources */,
				B941F6302607C86C00D831A2 /* CoordinatorFactoryProtocol.swift in Sources */,
				79846F82260951BF00DCA87B /* LoginViewController.swift in Sources */,
				796BF811260F355E0019BB82 /* GenericGameViewController.swift in Sources */,
				79846F80260951BF00DCA87B /* AuthPresentable.swift in Sources */,
				B941F6362607C8E200D831A2 /* CoordinatorFinishOutput.swift in Sources */,
				79C3D25A260489A700ACD5E5 /* SceneDelegate.swift in Sources */,
				B9BA50E8260A4E2400F4E0A8 /* FilterCell.swift in Sources */,
				7961876F2609D8A20027C117 /* UITextField+Secure.swift in Sources */,
				79846F7F260951BF00DCA87B /* RegistrationViewController.swift in Sources */,
				79E18E20260F039800250CC9 /* DiceGameViewController.swift in Sources */,
				79E18DE7260E5F2500250CC9 /* NetworkMonitor.swift in Sources */,
				B9BA50ED260A4EE600F4E0A8 /* FilterViewController.swift in Sources */,
				B9E170732608DADD0099DA82 /* CategoryCollectionViewCell.swift in Sources */,
				B941F64C2607CA1200D831A2 /* BaseGameViewController.swift in Sources */,
				79E18DEF260E5F3A00250CC9 /* OfflineViewController.swift in Sources */,
				B941F6232607C73A00D831A2 /* ApplicationCoordinator.swift in Sources */,
				B941F6382607C90500D831A2 /* Presentable.swift in Sources */,
				B9E170692608AD570099DA82 /* UIViewExtension.swift in Sources */,
				B9BA50E7260A4E2400F4E0A8 /* CollectionViewExtencion.swift in Sources */,
				B941F6342607C8C300D831A2 /* Coordinator.swift in Sources */,
			);
			runOnlyForDeploymentPostprocessing = 0;
		};
		79C3D266260489B800ACD5E5 /* Sources */ = {
			isa = PBXSourcesBuildPhase;
			buildActionMask = 2147483647;
			files = (
				79C3D26F260489B800ACD5E5 /* VirtualSportsTests.swift in Sources */,
			);
			runOnlyForDeploymentPostprocessing = 0;
		};
		79C3D271260489B800ACD5E5 /* Sources */ = {
			isa = PBXSourcesBuildPhase;
			buildActionMask = 2147483647;
			files = (
				79C3D27A260489B800ACD5E5 /* VirtualSportsUITests.swift in Sources */,
			);
			runOnlyForDeploymentPostprocessing = 0;
		};
/* End PBXSourcesBuildPhase section */

/* Begin PBXTargetDependency section */
		79C3D26C260489B800ACD5E5 /* PBXTargetDependency */ = {
			isa = PBXTargetDependency;
			target = 79C3D253260489A700ACD5E5 /* VirtualSports */;
			targetProxy = 79C3D26B260489B800ACD5E5 /* PBXContainerItemProxy */;
		};
		79C3D277260489B800ACD5E5 /* PBXTargetDependency */ = {
			isa = PBXTargetDependency;
			target = 79C3D253260489A700ACD5E5 /* VirtualSports */;
			targetProxy = 79C3D276260489B800ACD5E5 /* PBXContainerItemProxy */;
		};
/* End PBXTargetDependency section */

/* Begin PBXVariantGroup section */
		79C3D262260489B500ACD5E5 /* LaunchScreen.storyboard */ = {
			isa = PBXVariantGroup;
			children = (
				79C3D263260489B500ACD5E5 /* Base */,
			);
			name = LaunchScreen.storyboard;
			sourceTree = "<group>";
		};
/* End PBXVariantGroup section */

/* Begin XCBuildConfiguration section */
		79C3D27C260489B800ACD5E5 /* Debug */ = {
			isa = XCBuildConfiguration;
			buildSettings = {
				ALWAYS_SEARCH_USER_PATHS = NO;
				CLANG_ANALYZER_NONNULL = YES;
				CLANG_ANALYZER_NUMBER_OBJECT_CONVERSION = YES_AGGRESSIVE;
				CLANG_CXX_LANGUAGE_STANDARD = "gnu++14";
				CLANG_CXX_LIBRARY = "libc++";
				CLANG_ENABLE_MODULES = YES;
				CLANG_ENABLE_OBJC_ARC = YES;
				CLANG_ENABLE_OBJC_WEAK = YES;
				CLANG_WARN_BLOCK_CAPTURE_AUTORELEASING = YES;
				CLANG_WARN_BOOL_CONVERSION = YES;
				CLANG_WARN_COMMA = YES;
				CLANG_WARN_CONSTANT_CONVERSION = YES;
				CLANG_WARN_DEPRECATED_OBJC_IMPLEMENTATIONS = YES;
				CLANG_WARN_DIRECT_OBJC_ISA_USAGE = YES_ERROR;
				CLANG_WARN_DOCUMENTATION_COMMENTS = YES;
				CLANG_WARN_EMPTY_BODY = YES;
				CLANG_WARN_ENUM_CONVERSION = YES;
				CLANG_WARN_INFINITE_RECURSION = YES;
				CLANG_WARN_INT_CONVERSION = YES;
				CLANG_WARN_NON_LITERAL_NULL_CONVERSION = YES;
				CLANG_WARN_OBJC_IMPLICIT_RETAIN_SELF = YES;
				CLANG_WARN_OBJC_LITERAL_CONVERSION = YES;
				CLANG_WARN_OBJC_ROOT_CLASS = YES_ERROR;
				CLANG_WARN_QUOTED_INCLUDE_IN_FRAMEWORK_HEADER = YES;
				CLANG_WARN_RANGE_LOOP_ANALYSIS = YES;
				CLANG_WARN_STRICT_PROTOTYPES = YES;
				CLANG_WARN_SUSPICIOUS_MOVE = YES;
				CLANG_WARN_UNGUARDED_AVAILABILITY = YES_AGGRESSIVE;
				CLANG_WARN_UNREACHABLE_CODE = YES;
				CLANG_WARN__DUPLICATE_METHOD_MATCH = YES;
				COPY_PHASE_STRIP = NO;
				DEBUG_INFORMATION_FORMAT = dwarf;
				ENABLE_STRICT_OBJC_MSGSEND = YES;
				ENABLE_TESTABILITY = YES;
				GCC_C_LANGUAGE_STANDARD = gnu11;
				GCC_DYNAMIC_NO_PIC = NO;
				GCC_NO_COMMON_BLOCKS = YES;
				GCC_OPTIMIZATION_LEVEL = 0;
				GCC_PREPROCESSOR_DEFINITIONS = (
					"DEBUG=1",
					"$(inherited)",
				);
				GCC_WARN_64_TO_32_BIT_CONVERSION = YES;
				GCC_WARN_ABOUT_RETURN_TYPE = YES_ERROR;
				GCC_WARN_UNDECLARED_SELECTOR = YES;
				GCC_WARN_UNINITIALIZED_AUTOS = YES_AGGRESSIVE;
				GCC_WARN_UNUSED_FUNCTION = YES;
				GCC_WARN_UNUSED_VARIABLE = YES;
				IPHONEOS_DEPLOYMENT_TARGET = 12.1;
				MTL_ENABLE_DEBUG_INFO = INCLUDE_SOURCE;
				MTL_FAST_MATH = YES;
				ONLY_ACTIVE_ARCH = YES;
				SDKROOT = iphoneos;
				SWIFT_ACTIVE_COMPILATION_CONDITIONS = DEBUG;
				SWIFT_OPTIMIZATION_LEVEL = "-Onone";
			};
			name = Debug;
		};
		79C3D27D260489B800ACD5E5 /* Release */ = {
			isa = XCBuildConfiguration;
			buildSettings = {
				ALWAYS_SEARCH_USER_PATHS = NO;
				CLANG_ANALYZER_NONNULL = YES;
				CLANG_ANALYZER_NUMBER_OBJECT_CONVERSION = YES_AGGRESSIVE;
				CLANG_CXX_LANGUAGE_STANDARD = "gnu++14";
				CLANG_CXX_LIBRARY = "libc++";
				CLANG_ENABLE_MODULES = YES;
				CLANG_ENABLE_OBJC_ARC = YES;
				CLANG_ENABLE_OBJC_WEAK = YES;
				CLANG_WARN_BLOCK_CAPTURE_AUTORELEASING = YES;
				CLANG_WARN_BOOL_CONVERSION = YES;
				CLANG_WARN_COMMA = YES;
				CLANG_WARN_CONSTANT_CONVERSION = YES;
				CLANG_WARN_DEPRECATED_OBJC_IMPLEMENTATIONS = YES;
				CLANG_WARN_DIRECT_OBJC_ISA_USAGE = YES_ERROR;
				CLANG_WARN_DOCUMENTATION_COMMENTS = YES;
				CLANG_WARN_EMPTY_BODY = YES;
				CLANG_WARN_ENUM_CONVERSION = YES;
				CLANG_WARN_INFINITE_RECURSION = YES;
				CLANG_WARN_INT_CONVERSION = YES;
				CLANG_WARN_NON_LITERAL_NULL_CONVERSION = YES;
				CLANG_WARN_OBJC_IMPLICIT_RETAIN_SELF = YES;
				CLANG_WARN_OBJC_LITERAL_CONVERSION = YES;
				CLANG_WARN_OBJC_ROOT_CLASS = YES_ERROR;
				CLANG_WARN_QUOTED_INCLUDE_IN_FRAMEWORK_HEADER = YES;
				CLANG_WARN_RANGE_LOOP_ANALYSIS = YES;
				CLANG_WARN_STRICT_PROTOTYPES = YES;
				CLANG_WARN_SUSPICIOUS_MOVE = YES;
				CLANG_WARN_UNGUARDED_AVAILABILITY = YES_AGGRESSIVE;
				CLANG_WARN_UNREACHABLE_CODE = YES;
				CLANG_WARN__DUPLICATE_METHOD_MATCH = YES;
				COPY_PHASE_STRIP = NO;
				DEBUG_INFORMATION_FORMAT = "dwarf-with-dsym";
				ENABLE_NS_ASSERTIONS = NO;
				ENABLE_STRICT_OBJC_MSGSEND = YES;
				GCC_C_LANGUAGE_STANDARD = gnu11;
				GCC_NO_COMMON_BLOCKS = YES;
				GCC_WARN_64_TO_32_BIT_CONVERSION = YES;
				GCC_WARN_ABOUT_RETURN_TYPE = YES_ERROR;
				GCC_WARN_UNDECLARED_SELECTOR = YES;
				GCC_WARN_UNINITIALIZED_AUTOS = YES_AGGRESSIVE;
				GCC_WARN_UNUSED_FUNCTION = YES;
				GCC_WARN_UNUSED_VARIABLE = YES;
				IPHONEOS_DEPLOYMENT_TARGET = 12.1;
				MTL_ENABLE_DEBUG_INFO = NO;
				MTL_FAST_MATH = YES;
				SDKROOT = iphoneos;
				SWIFT_COMPILATION_MODE = wholemodule;
				SWIFT_OPTIMIZATION_LEVEL = "-O";
				VALIDATE_PRODUCT = YES;
			};
			name = Release;
		};
		79C3D27F260489B800ACD5E5 /* Debug */ = {
			isa = XCBuildConfiguration;
			buildSettings = {
				ASSETCATALOG_COMPILER_APPICON_NAME = AppIcon;
				ASSETCATALOG_COMPILER_GLOBAL_ACCENT_COLOR_NAME = AccentColor;
				CODE_SIGN_STYLE = Automatic;
				DEBUG_INFORMATION_FORMAT = "dwarf-with-dsym";
				DEVELOPMENT_TEAM = G66XPV3HVM;
				INFOPLIST_FILE = VirtualSports/Info.plist;
				IPHONEOS_DEPLOYMENT_TARGET = 12.1;
				LD_RUNPATH_SEARCH_PATHS = (
					"$(inherited)",
					"@executable_path/Frameworks",
				);
				OTHER_LDFLAGS = "-ObjC";
				PRODUCT_BUNDLE_IDENTIFIER = "com.pm-tech-academy.VirtualSports";
				PRODUCT_NAME = "$(TARGET_NAME)";
				SWIFT_VERSION = 5.0;
				TARGETED_DEVICE_FAMILY = 1;
			};
			name = Debug;
		};
		79C3D280260489B800ACD5E5 /* Release */ = {
			isa = XCBuildConfiguration;
			buildSettings = {
				ASSETCATALOG_COMPILER_APPICON_NAME = AppIcon;
				ASSETCATALOG_COMPILER_GLOBAL_ACCENT_COLOR_NAME = AccentColor;
				CODE_SIGN_STYLE = Automatic;
				DEVELOPMENT_TEAM = G66XPV3HVM;
				INFOPLIST_FILE = VirtualSports/Info.plist;
				IPHONEOS_DEPLOYMENT_TARGET = 12.1;
				LD_RUNPATH_SEARCH_PATHS = (
					"$(inherited)",
					"@executable_path/Frameworks",
				);
				OTHER_LDFLAGS = "-ObjC";
				PRODUCT_BUNDLE_IDENTIFIER = "com.pm-tech-academy.VirtualSports";
				PRODUCT_NAME = "$(TARGET_NAME)";
				SWIFT_VERSION = 5.0;
				TARGETED_DEVICE_FAMILY = 1;
			};
			name = Release;
		};
		79C3D282260489B800ACD5E5 /* Debug */ = {
			isa = XCBuildConfiguration;
			buildSettings = {
				ALWAYS_EMBED_SWIFT_STANDARD_LIBRARIES = YES;
				BUNDLE_LOADER = "$(TEST_HOST)";
				CODE_SIGN_STYLE = Automatic;
				DEVELOPMENT_TEAM = G66XPV3HVM;
				INFOPLIST_FILE = VirtualSportsTests/Info.plist;
				IPHONEOS_DEPLOYMENT_TARGET = 14.4;
				LD_RUNPATH_SEARCH_PATHS = (
					"$(inherited)",
					"@executable_path/Frameworks",
					"@loader_path/Frameworks",
				);
				PRODUCT_BUNDLE_IDENTIFIER = "com.pm-tech-academy.VirtualSportsTests";
				PRODUCT_NAME = "$(TARGET_NAME)";
				SWIFT_VERSION = 5.0;
				TARGETED_DEVICE_FAMILY = "1,2";
				TEST_HOST = "$(BUILT_PRODUCTS_DIR)/VirtualSports.app/VirtualSports";
			};
			name = Debug;
		};
		79C3D283260489B800ACD5E5 /* Release */ = {
			isa = XCBuildConfiguration;
			buildSettings = {
				ALWAYS_EMBED_SWIFT_STANDARD_LIBRARIES = YES;
				BUNDLE_LOADER = "$(TEST_HOST)";
				CODE_SIGN_STYLE = Automatic;
				DEVELOPMENT_TEAM = G66XPV3HVM;
				INFOPLIST_FILE = VirtualSportsTests/Info.plist;
				IPHONEOS_DEPLOYMENT_TARGET = 14.4;
				LD_RUNPATH_SEARCH_PATHS = (
					"$(inherited)",
					"@executable_path/Frameworks",
					"@loader_path/Frameworks",
				);
				PRODUCT_BUNDLE_IDENTIFIER = "com.pm-tech-academy.VirtualSportsTests";
				PRODUCT_NAME = "$(TARGET_NAME)";
				SWIFT_VERSION = 5.0;
				TARGETED_DEVICE_FAMILY = "1,2";
				TEST_HOST = "$(BUILT_PRODUCTS_DIR)/VirtualSports.app/VirtualSports";
			};
			name = Release;
		};
		79C3D285260489B800ACD5E5 /* Debug */ = {
			isa = XCBuildConfiguration;
			buildSettings = {
				ALWAYS_EMBED_SWIFT_STANDARD_LIBRARIES = YES;
				CODE_SIGN_STYLE = Automatic;
				DEVELOPMENT_TEAM = G66XPV3HVM;
				INFOPLIST_FILE = VirtualSportsUITests/Info.plist;
				LD_RUNPATH_SEARCH_PATHS = (
					"$(inherited)",
					"@executable_path/Frameworks",
					"@loader_path/Frameworks",
				);
				PRODUCT_BUNDLE_IDENTIFIER = "com.pm-tech-academy.VirtualSportsUITests";
				PRODUCT_NAME = "$(TARGET_NAME)";
				SWIFT_VERSION = 5.0;
				TARGETED_DEVICE_FAMILY = "1,2";
				TEST_TARGET_NAME = VirtualSports;
			};
			name = Debug;
		};
		79C3D286260489B800ACD5E5 /* Release */ = {
			isa = XCBuildConfiguration;
			buildSettings = {
				ALWAYS_EMBED_SWIFT_STANDARD_LIBRARIES = YES;
				CODE_SIGN_STYLE = Automatic;
				DEVELOPMENT_TEAM = G66XPV3HVM;
				INFOPLIST_FILE = VirtualSportsUITests/Info.plist;
				LD_RUNPATH_SEARCH_PATHS = (
					"$(inherited)",
					"@executable_path/Frameworks",
					"@loader_path/Frameworks",
				);
				PRODUCT_BUNDLE_IDENTIFIER = "com.pm-tech-academy.VirtualSportsUITests";
				PRODUCT_NAME = "$(TARGET_NAME)";
				SWIFT_VERSION = 5.0;
				TARGETED_DEVICE_FAMILY = "1,2";
				TEST_TARGET_NAME = VirtualSports;
			};
			name = Release;
		};
/* End XCBuildConfiguration section */

/* Begin XCConfigurationList section */
		79C3D24F260489A700ACD5E5 /* Build configuration list for PBXProject "VirtualSports" */ = {
			isa = XCConfigurationList;
			buildConfigurations = (
				79C3D27C260489B800ACD5E5 /* Debug */,
				79C3D27D260489B800ACD5E5 /* Release */,
			);
			defaultConfigurationIsVisible = 0;
			defaultConfigurationName = Release;
		};
		79C3D27E260489B800ACD5E5 /* Build configuration list for PBXNativeTarget "VirtualSports" */ = {
			isa = XCConfigurationList;
			buildConfigurations = (
				79C3D27F260489B800ACD5E5 /* Debug */,
				79C3D280260489B800ACD5E5 /* Release */,
			);
			defaultConfigurationIsVisible = 0;
			defaultConfigurationName = Release;
		};
		79C3D281260489B800ACD5E5 /* Build configuration list for PBXNativeTarget "VirtualSportsTests" */ = {
			isa = XCConfigurationList;
			buildConfigurations = (
				79C3D282260489B800ACD5E5 /* Debug */,
				79C3D283260489B800ACD5E5 /* Release */,
			);
			defaultConfigurationIsVisible = 0;
			defaultConfigurationName = Release;
		};
		79C3D284260489B800ACD5E5 /* Build configuration list for PBXNativeTarget "VirtualSportsUITests" */ = {
			isa = XCConfigurationList;
			buildConfigurations = (
				79C3D285260489B800ACD5E5 /* Debug */,
				79C3D286260489B800ACD5E5 /* Release */,
			);
			defaultConfigurationIsVisible = 0;
			defaultConfigurationName = Release;
		};
/* End XCConfigurationList section */

/* Begin XCRemoteSwiftPackageReference section */
		796BF80A260F27090019BB82 /* XCRemoteSwiftPackageReference "virtual-sports-api-service" */ = {
			isa = XCRemoteSwiftPackageReference;
			repositoryURL = "https://github.com/pavlovskyive/virtual-sports-api-service";
			requirement = {
				kind = upToNextMajorVersion;
				minimumVersion = 0.3.4;
			};
		};
		79C3D28D26048CE800ACD5E5 /* XCRemoteSwiftPackageReference "firebase-ios-sdk" */ = {
			isa = XCRemoteSwiftPackageReference;
			repositoryURL = "https://github.com/firebase/firebase-ios-sdk";
			requirement = {
				kind = upToNextMajorVersion;
				minimumVersion = 7.8.1;
			};
		};
		79C3F18A26076C5F001D2982 /* XCRemoteSwiftPackageReference "keychain-wrapper" */ = {
			isa = XCRemoteSwiftPackageReference;
			repositoryURL = "https://github.com/pavlovskyive/keychain-wrapper";
			requirement = {
				kind = upToNextMajorVersion;
				minimumVersion = 1.0.0;
			};
		};
		79E18E05260E643800250CC9 /* XCRemoteSwiftPackageReference "auth-service" */ = {
			isa = XCRemoteSwiftPackageReference;
			repositoryURL = "https://github.com/pavlovskyive/auth-service";
			requirement = {
				kind = upToNextMajorVersion;
				minimumVersion = 0.2.2;
			};
		};
		E5000E8D260BDF4500ECCE1F /* XCRemoteSwiftPackageReference "ImageLoader" */ = {
			isa = XCRemoteSwiftPackageReference;
			repositoryURL = "https://github.com/alexsopilnyak/ImageLoader.git";
			requirement = {
				kind = upToNextMajorVersion;
				minimumVersion = 1.0.1;
			};
		};
/* End XCRemoteSwiftPackageReference section */

/* Begin XCSwiftPackageProductDependency section */
		796BF80B260F27090019BB82 /* APILayer */ = {
			isa = XCSwiftPackageProductDependency;
			package = 796BF80A260F27090019BB82 /* XCRemoteSwiftPackageReference "virtual-sports-api-service" */;
			productName = APILayer;
		};
		79C3D28E26048CE800ACD5E5 /* FirebaseAnalytics */ = {
			isa = XCSwiftPackageProductDependency;
			package = 79C3D28D26048CE800ACD5E5 /* XCRemoteSwiftPackageReference "firebase-ios-sdk" */;
			productName = FirebaseAnalytics;
		};
		79C3D29026048CE800ACD5E5 /* FirebaseCrashlytics */ = {
			isa = XCSwiftPackageProductDependency;
			package = 79C3D28D26048CE800ACD5E5 /* XCRemoteSwiftPackageReference "firebase-ios-sdk" */;
			productName = FirebaseCrashlytics;
		};
		79C3F18B26076C5F001D2982 /* KeychainWrapper */ = {
			isa = XCSwiftPackageProductDependency;
			package = 79C3F18A26076C5F001D2982 /* XCRemoteSwiftPackageReference "keychain-wrapper" */;
			productName = KeychainWrapper;
		};
		79E18E06260E643800250CC9 /* AuthLayer */ = {
			isa = XCSwiftPackageProductDependency;
			package = 79E18E05260E643800250CC9 /* XCRemoteSwiftPackageReference "auth-service" */;
			productName = AuthLayer;
		};
		E5000E8E260BDF4500ECCE1F /* ImageLoader */ = {
			isa = XCSwiftPackageProductDependency;
			package = E5000E8D260BDF4500ECCE1F /* XCRemoteSwiftPackageReference "ImageLoader" */;
			productName = ImageLoader;
		};
/* End XCSwiftPackageProductDependency section */
	};
	rootObject = 79C3D24C260489A700ACD5E5 /* Project object */;
}
