{
  "object": {
    "pins": [
      {
        "package": "abseil",
        "repositoryURL": "https://github.com/firebase/abseil-cpp-SwiftPM.git",
        "state": {
          "branch": null,
          "revision": "697fb93ee29def0198c456118b69bdfea9a02a5d",
          "version": "0.20200225.2"
        }
      },
      {
        "package": "AuthService",
        "repositoryURL": "https://github.com/pavlovskyive/auth-service",
        "state": {
          "branch": null,
          "revision": "493a0b2c814a0a15f9a44371e1f8d59102e57bc7",
          "version": "0.1.2"
        }
      },
      {
        "package": "BoringSSL-GRPC",
        "repositoryURL": "https://github.com/firebase/boringssl-SwiftPM.git",
        "state": {
          "branch": null,
          "revision": "6fbad5bf8bd80a36d342bf1693e4423870124d4c",
          "version": "0.0.9"
        }
      },
      {
        "package": "Firebase",
        "repositoryURL": "https://github.com/firebase/firebase-ios-sdk",
        "state": {
          "branch": null,
          "revision": "6f680dd0c8892a315f354bb861b03c5c38829e56",
          "version": "7.9.1"
        }
      },
      {
        "package": "GoogleAppMeasurement",
        "repositoryURL": "https://github.com/google/GoogleAppMeasurement.git",
        "state": {
          "branch": null,
          "revision": "4a30a474eb175ebf3d3ede045614fad99fa9b9bf",
          "version": "7.9.0"
        }
      },
      {
        "package": "GoogleDataTransport",
        "repositoryURL": "https://github.com/google/GoogleDataTransport.git",
        "state": {
          "branch": null,
          "revision": "34bd15a31149e42eadd6c75bd67aaea002e23bf4",
          "version": "8.3.0"
        }
      },
      {
        "package": "GoogleUtilities",
        "repositoryURL": "https://github.com/google/GoogleUtilities.git",
        "state": {
          "branch": null,
          "revision": "1c47ea135322768023ecdcc9db79bf3df821209f",
          "version": "7.3.0"
        }
      },
      {
        "package": "gRPC",
        "repositoryURL": "https://github.com/firebase/grpc-SwiftPM.git",
        "state": {
          "branch": null,
          "revision": "23034739dda2f3355d081b54c1ab4e9667314b75",
          "version": "1.28.3"
        }
      },
      {
        "package": "GTMSessionFetcher",
        "repositoryURL": "https://github.com/google/gtm-session-fetcher.git",
        "state": {
          "branch": null,
          "revision": "91ed3d188eb95705fef3c249453b81f32dc557d1",
          "version": "1.5.0"
        }
      },
      {
        "package": "ImageLoader",
        "repositoryURL": "https://github.com/alexsopilnyak/ImageLoader.git",
        "state": {
          "branch": null,
          "revision": "42a15562b46addbaf7ff633122a8bf086838dd1c",
          "version": "1.0.1"
        }
      },
      {
        "package": "KeychainWrapper",
        "repositoryURL": "https://github.com/pavlovskyive/keychain-wrapper",
        "state": {
          "branch": null,
          "revision": "bd4cd4c110b83931943d04d65e5e5a732cd59a99",
          "version": "1.1.0"
        }
      },
      {
        "package": "leveldb",
        "repositoryURL": "https://github.com/firebase/leveldb.git",
        "state": {
          "branch": null,
          "revision": "0706abcc6b0bd9cedfbb015ba840e4a780b5159b",
          "version": "1.22.2"
        }
      },
      {
        "package": "nanopb",
        "repositoryURL": "https://github.com/firebase/nanopb.git",
        "state": {
          "branch": null,
          "revision": "c2d43e59d8ec880ed261366818f0cacc5c8cc2e6",
          "version": "2.30907.0"
        }
      },
      {
        "package": "NetworkService",
        "repositoryURL": "https://github.com/pavlovskyive/network-service",
        "state": {
          "branch": null,
          "revision": "aa10e7165c711028cdc394e5cfd32bb1a3a3d7c8",
          "version": "1.1.1"
        }
      },
      {
        "package": "Promises",
        "repositoryURL": "https://github.com/google/promises.git",
        "state": {
          "branch": null,
          "revision": "afa9a1ace74e116848d4f743599ab83e584ff8cb",
          "version": "1.2.12"
        }
      },
      {
        "package": "SwiftProtobuf",
        "repositoryURL": "https://github.com/apple/swift-protobuf.git",
        "state": {
          "branch": null,
          "revision": "e1904bf5a5f79cb7e0ff68a427a53a93b652fcd1",
          "version": "1.15.0"
        }
      },
      {
        "package": "APIService",
        "repositoryURL": "https://github.com/pavlovskyive/virtual-sports-api-service",
        "state": {
          "branch": null,
          "revision": "8cbfb708af19b6728be4effa42a0e47d717a88ba",
          "version": "0.2.4"
        }
      }
    ]
  },
  "version": 1
}
